{
  "name": "savvycoders-capstone",
  "version": "1.0.0",
  "lockfileVersion": 1,
  "requires": true,
  "dependencies": {
    "@firebase/app": {
      "version": "0.4.20",
      "resolved": "https://registry.npmjs.org/@firebase/app/-/app-0.4.20.tgz",
      "integrity": "sha512-N5xycNjIw8jV31C6YTPC1caQupAoVpRHASZTZ50eAQ6NksC8LoknoskZccnlh56xqVdWOmxZZTIMrM4NdlCQfg==",
      "requires": {
        "@firebase/app-types": "0.4.6",
        "@firebase/logger": "0.1.27",
        "@firebase/util": "0.2.30",
        "dom-storage": "2.1.0",
        "tslib": "1.10.0",
        "xmlhttprequest": "1.8.0"
      }
    },
    "@firebase/app-types": {
      "version": "0.4.6",
      "resolved": "https://registry.npmjs.org/@firebase/app-types/-/app-types-0.4.6.tgz",
      "integrity": "sha512-LLh4vnuyhmYfT00fByo8rR4NAjQH7Yj63gUpT18DRYPVvwbVmrCbzOHJw3rQnfJPpbSkMXfnEY/pzbohvj8DuA=="
    },
    "@firebase/logger": {
      "version": "0.1.27",
      "resolved": "https://registry.npmjs.org/@firebase/logger/-/logger-0.1.27.tgz",
      "integrity": "sha512-OpWEcJ6WFlXg0hH91Ox7M9fe8goQ7JiMGnRkzs98fubLQyVLzVlkICj6DJTMtZGZPRQIaFyPTO7RSkthWk7PHA=="
    },
    "@firebase/util": {
      "version": "0.2.30",
      "resolved": "https://registry.npmjs.org/@firebase/util/-/util-0.2.30.tgz",
      "integrity": "sha512-2owLolcr44m1L2Bt7Y13PgTdRSJe+bTkQXxiP5XDA0chkLiTwLEwdCf0WAuRtGW/qpXV0Rcw9FTmla08ZJUQqw==",
      "requires": {
        "tslib": "1.10.0"
      }
    },
    "dom-storage": {
      "version": "2.1.0",
      "resolved": "https://registry.npmjs.org/dom-storage/-/dom-storage-2.1.0.tgz",
      "integrity": "sha512-g6RpyWXzl0RR6OTElHKBl7nwnK87GUyZMYC7JWsB/IA73vpqK2K6LT39x4VepLxlSsWBFrPVLnsSR5Jyty0+2Q=="
    },
    "tslib": {
      "version": "1.10.0",
      "resolved": "https://registry.npmjs.org/tslib/-/tslib-1.10.0.tgz",
      "integrity": "sha512-qOebF53frne81cf0S9B41ByenJ3/IuH8yJKngAX35CmiZySA0khhkovshKK+jGCaMnVomla7gVlIcc3EvKPbTQ=="
    },
    "xmlhttprequest": {
      "version": "1.8.0",
      "resolved": "https://registry.npmjs.org/xmlhttprequest/-/xmlhttprequest-1.8.0.tgz",
      "integrity": "sha1-Z/4HXFwk/vOfnWX197f+dRcZaPw="
    }
  }
}
